
Microsoft Visual Studio Solution File, Format Version 12.00
# Visual Studio Version 16
VisualStudioVersion = 16.0.31005.135
MinimumVisualStudioVersion = 10.0.40219.1
Project("{FAE04EC0-301F-11D3-BF4B-00C04F79EFBC}") = "BlazorAppExampleSink.Server", "Server\BlazorAppExampleSink.Server.csproj", "{E76E847B-7CE6-4E8E-A23C-215FFB588B7F}"
EndProject
Project("{FAE04EC0-301F-11D3-BF4B-00C04F79EFBC}") = "BlazorAppExampleSink.Client", "Client\BlazorAppExampleSink.Client.csproj", "{0B2A19FF-0613-4C13-9CB9-463ED2F4FE60}"
EndProject
Project("{FAE04EC0-301F-11D3-BF4B-00C04F79EFBC}") = "BlazorAppExampleSink.Shared", "Shared\BlazorAppExampleSink.Shared.csproj", "{C76E23C7-E2AC-4F60-91BB-B502B10BC147}"
EndProject
Global
	GlobalSection(SolutionConfigurationPlatforms) = preSolution
		Debug|Any CPU = Debug|Any CPU
		Release|Any CPU = Release|Any CPU
	EndGlobalSection
	GlobalSection(ProjectConfigurationPlatforms) = postSolution
		{E76E847B-7CE6-4E8E-A23C-215FFB588B7F}.Debug|Any CPU.ActiveCfg = Debug|Any CPU
		{E76E847B-7CE6-4E8E-A23C-215FFB588B7F}.Debug|Any CPU.Build.0 = Debug|Any CPU
		{E76E847B-7CE6-4E8E-A23C-215FFB588B7F}.Release|Any CPU.ActiveCfg = Release|Any CPU
		{E76E847B-7CE6-4E8E-A23C-215FFB588B7F}.Release|Any CPU.Build.0 = Release|Any CPU
		{0B2A19FF-0613-4C13-9CB9-463ED2F4FE60}.Debug|Any CPU.ActiveCfg = Debug|Any CPU
		{0B2A19FF-0613-4C13-9CB9-463ED2F4FE60}.Debug|Any CPU.Build.0 = Debug|Any CPU
		{0B2A19FF-0613-4C13-9CB9-463ED2F4FE60}.Release|Any CPU.ActiveCfg = Release|Any CPU
		{0B2A19FF-0613-4C13-9CB9-463ED2F4FE60}.Release|Any CPU.Build.0 = Release|Any CPU
		{C76E23C7-E2AC-4F60-91BB-B502B10BC147}.Debug|Any CPU.ActiveCfg = Debug|Any CPU
		{C76E23C7-E2AC-4F60-91BB-B502B10BC147}.Debug|Any CPU.Build.0 = Debug|Any CPU
		{C76E23C7-E2AC-4F60-91BB-B502B10BC147}.Release|Any CPU.ActiveCfg = Release|Any CPU
		{C76E23C7-E2AC-4F60-91BB-B502B10BC147}.Release|Any CPU.Build.0 = Release|Any CPU
	EndGlobalSection
	GlobalSection(SolutionProperties) = preSolution
		HideSolutionNode = FALSE
	EndGlobalSection
	GlobalSection(ExtensibilityGlobals) = postSolution
		SolutionGuid = {4E96EB9C-B5E1-4891-BDDF-6ED77DC3E8B3}
	EndGlobalSection
EndGlobal
